
Microsoft Visual Studio Solution File, Format Version 12.00
# Visual Studio 14
VisualStudioVersion = 14.0.25420.1
MinimumVisualStudioVersion = 10.0.40219.1
Project("{8BC9CEB8-8B4A-11D0-8D11-00A0C91BC942}") = "Eclipse", "Eclipse\Eclipse.vcxproj", "{7C821FA1-A6C4-46CD-B9F5-F654110C1F6F}"
EndProject
Global
	GlobalSection(SolutionConfigurationPlatforms) = preSolution
		NTSC-Debug|PSX = NTSC-Debug|PSX
		NTSC-Release|PSX = NTSC-Release|PSX
		PAL-Debug|PSX = PAL-Debug|PSX
		PAL-Release|PSX = PAL-Release|PSX
	EndGlobalSection
	GlobalSection(ProjectConfigurationPlatforms) = postSolution
		{7C821FA1-A6C4-46CD-B9F5-F654110C1F6F}.NTSC-Debug|PSX.ActiveCfg = NTSC-Debug|Win32
		{7C821FA1-A6C4-46CD-B9F5-F654110C1F6F}.NTSC-Debug|PSX.Build.0 = NTSC-Debug|Win32
		{7C821FA1-A6C4-46CD-B9F5-F654110C1F6F}.NTSC-Release|PSX.ActiveCfg = NTSC-Release|Win32
		{7C821FA1-A6C4-46CD-B9F5-F654110C1F6F}.NTSC-Release|PSX.Build.0 = NTSC-Release|Win32
		{7C821FA1-A6C4-46CD-B9F5-F654110C1F6F}.PAL-Debug|PSX.ActiveCfg = PAL-Debug|Win32
		{7C821FA1-A6C4-46CD-B9F5-F654110C1F6F}.PAL-Debug|PSX.Build.0 = PAL-Debug|Win32
		{7C821FA1-A6C4-46CD-B9F5-F654110C1F6F}.PAL-Release|PSX.ActiveCfg = PAL-Release|Win32
		{7C821FA1-A6C4-46CD-B9F5-F654110C1F6F}.PAL-Release|PSX.Build.0 = PAL-Release|Win32
	EndGlobalSection
	GlobalSection(SolutionProperties) = preSolution
		HideSolutionNode = FALSE
	EndGlobalSection
EndGlobal
